
Microsoft Visual Studio Solution File, Format Version 12.00
# Visual Studio 14
VisualStudioVersion = 14.0.25420.1
MinimumVisualStudioVersion = 10.0.40219.1
Project("{FAE04EC0-301F-11D3-BF4B-00C04F79EFBC}") = "UI", "SimpleClientServer\UI.csproj", "{C9AB82B9-142F-438C-B146-DEF89A2AE345}"
EndProject
Project("{2150E333-8FDC-42A3-9474-1A3956D46DE8}") = "Clients", "Clients", "{207C1015-1655-4423-BEE5-3C2DC867F5C7}"
EndProject
Project("{2150E333-8FDC-42A3-9474-1A3956D46DE8}") = "Server", "Server", "{B9237D97-EEB9-4156-B3A0-5E58A277DC4A}"
EndProject
Project("{2150E333-8FDC-42A3-9474-1A3956D46DE8}") = "CCC", "CCC", "{DAA83B86-4D10-4B76-9D1C-8C279E297930}"
EndProject
Project("{FAE04EC0-301F-11D3-BF4B-00C04F79EFBC}") = "Controllers", "Controllers\Controllers.csproj", "{CC98B76D-FB17-44AD-B1E4-B9FFA29160C5}"
EndProject
Project("{FAE04EC0-301F-11D3-BF4B-00C04F79EFBC}") = "Services", "Servers\Services.csproj", "{13203DD4-3949-478B-B84B-6FFD984ECFA9}"
EndProject
Project("{FAE04EC0-301F-11D3-BF4B-00C04F79EFBC}") = "DataAccess", "DataAccess\DataAccess.csproj", "{6B0302C3-5CA0-44EA-9F93-F5AEF8145D7C}"
EndProject
Project("{FAE04EC0-301F-11D3-BF4B-00C04F79EFBC}") = "Entities", "Entities\Entities.csproj", "{A209B1BE-D767-4F1C-9E66-B50BC58D3717}"
EndProject
Project("{FAE04EC0-301F-11D3-BF4B-00C04F79EFBC}") = "Networking", "Networking\Networking.csproj", "{9A1314DA-1F87-4202-A769-5B6F245284DD}"
EndProject
Project("{2150E333-8FDC-42A3-9474-1A3956D46DE8}") = "Tests", "Tests", "{CA2F4EA8-B74E-4D80-9BB0-440AD6B7EA29}"
EndProject
Project("{FAE04EC0-301F-11D3-BF4B-00C04F79EFBC}") = "Tests", "Tests\Tests.csproj", "{EED37BE6-2071-4DFF-AC5B-8C60C1758704}"
EndProject
Project("{00D1A9C2-B5F0-4AF3-8072-F6C62B433612}") = "Database", "Database\Database.sqlproj", "{671C6AF4-E992-432F-A432-661401444250}"
EndProject
Global
	GlobalSection(SolutionConfigurationPlatforms) = preSolution
		Debug|Any CPU = Debug|Any CPU
		Release|Any CPU = Release|Any CPU
	EndGlobalSection
	GlobalSection(ProjectConfigurationPlatforms) = postSolution
		{C9AB82B9-142F-438C-B146-DEF89A2AE345}.Debug|Any CPU.ActiveCfg = Debug|Any CPU
		{C9AB82B9-142F-438C-B146-DEF89A2AE345}.Debug|Any CPU.Build.0 = Debug|Any CPU
		{C9AB82B9-142F-438C-B146-DEF89A2AE345}.Release|Any CPU.ActiveCfg = Release|Any CPU
		{C9AB82B9-142F-438C-B146-DEF89A2AE345}.Release|Any CPU.Build.0 = Release|Any CPU
		{CC98B76D-FB17-44AD-B1E4-B9FFA29160C5}.Debug|Any CPU.ActiveCfg = Debug|Any CPU
		{CC98B76D-FB17-44AD-B1E4-B9FFA29160C5}.Debug|Any CPU.Build.0 = Debug|Any CPU
		{CC98B76D-FB17-44AD-B1E4-B9FFA29160C5}.Release|Any CPU.ActiveCfg = Release|Any CPU
		{CC98B76D-FB17-44AD-B1E4-B9FFA29160C5}.Release|Any CPU.Build.0 = Release|Any CPU
		{13203DD4-3949-478B-B84B-6FFD984ECFA9}.Debug|Any CPU.ActiveCfg = Debug|Any CPU
		{13203DD4-3949-478B-B84B-6FFD984ECFA9}.Debug|Any CPU.Build.0 = Debug|Any CPU
		{13203DD4-3949-478B-B84B-6FFD984ECFA9}.Release|Any CPU.ActiveCfg = Release|Any CPU
		{13203DD4-3949-478B-B84B-6FFD984ECFA9}.Release|Any CPU.Build.0 = Release|Any CPU
		{6B0302C3-5CA0-44EA-9F93-F5AEF8145D7C}.Debug|Any CPU.ActiveCfg = Debug|Any CPU
		{6B0302C3-5CA0-44EA-9F93-F5AEF8145D7C}.Debug|Any CPU.Build.0 = Debug|Any CPU
		{6B0302C3-5CA0-44EA-9F93-F5AEF8145D7C}.Release|Any CPU.ActiveCfg = Release|Any CPU
		{6B0302C3-5CA0-44EA-9F93-F5AEF8145D7C}.Release|Any CPU.Build.0 = Release|Any CPU
		{A209B1BE-D767-4F1C-9E66-B50BC58D3717}.Debug|Any CPU.ActiveCfg = Debug|Any CPU
		{A209B1BE-D767-4F1C-9E66-B50BC58D3717}.Debug|Any CPU.Build.0 = Debug|Any CPU
		{A209B1BE-D767-4F1C-9E66-B50BC58D3717}.Release|Any CPU.ActiveCfg = Release|Any CPU
		{A209B1BE-D767-4F1C-9E66-B50BC58D3717}.Release|Any CPU.Build.0 = Release|Any CPU
		{9A1314DA-1F87-4202-A769-5B6F245284DD}.Debug|Any CPU.ActiveCfg = Debug|Any CPU
		{9A1314DA-1F87-4202-A769-5B6F245284DD}.Debug|Any CPU.Build.0 = Debug|Any CPU
		{9A1314DA-1F87-4202-A769-5B6F245284DD}.Release|Any CPU.ActiveCfg = Release|Any CPU
		{9A1314DA-1F87-4202-A769-5B6F245284DD}.Release|Any CPU.Build.0 = Release|Any CPU
		{EED37BE6-2071-4DFF-AC5B-8C60C1758704}.Debug|Any CPU.ActiveCfg = Debug|Any CPU
		{EED37BE6-2071-4DFF-AC5B-8C60C1758704}.Debug|Any CPU.Build.0 = Debug|Any CPU
		{EED37BE6-2071-4DFF-AC5B-8C60C1758704}.Release|Any CPU.ActiveCfg = Release|Any CPU
		{EED37BE6-2071-4DFF-AC5B-8C60C1758704}.Release|Any CPU.Build.0 = Release|Any CPU
		{671C6AF4-E992-432F-A432-661401444250}.Debug|Any CPU.ActiveCfg = Debug|Any CPU
		{671C6AF4-E992-432F-A432-661401444250}.Debug|Any CPU.Build.0 = Debug|Any CPU
		{671C6AF4-E992-432F-A432-661401444250}.Debug|Any CPU.Deploy.0 = Debug|Any CPU
		{671C6AF4-E992-432F-A432-661401444250}.Release|Any CPU.ActiveCfg = Release|Any CPU
		{671C6AF4-E992-432F-A432-661401444250}.Release|Any CPU.Build.0 = Release|Any CPU
		{671C6AF4-E992-432F-A432-661401444250}.Release|Any CPU.Deploy.0 = Release|Any CPU
	EndGlobalSection
	GlobalSection(SolutionProperties) = preSolution
		HideSolutionNode = FALSE
	EndGlobalSection
	GlobalSection(NestedProjects) = preSolution
		{C9AB82B9-142F-438C-B146-DEF89A2AE345} = {207C1015-1655-4423-BEE5-3C2DC867F5C7}
		{CC98B76D-FB17-44AD-B1E4-B9FFA29160C5} = {207C1015-1655-4423-BEE5-3C2DC867F5C7}
		{13203DD4-3949-478B-B84B-6FFD984ECFA9} = {B9237D97-EEB9-4156-B3A0-5E58A277DC4A}
		{6B0302C3-5CA0-44EA-9F93-F5AEF8145D7C} = {B9237D97-EEB9-4156-B3A0-5E58A277DC4A}
		{A209B1BE-D767-4F1C-9E66-B50BC58D3717} = {DAA83B86-4D10-4B76-9D1C-8C279E297930}
		{9A1314DA-1F87-4202-A769-5B6F245284DD} = {DAA83B86-4D10-4B76-9D1C-8C279E297930}
		{EED37BE6-2071-4DFF-AC5B-8C60C1758704} = {CA2F4EA8-B74E-4D80-9BB0-440AD6B7EA29}
		{671C6AF4-E992-432F-A432-661401444250} = {B9237D97-EEB9-4156-B3A0-5E58A277DC4A}
	EndGlobalSection
EndGlobal
